
Microsoft Visual Studio Solution File, Format Version 11.00
# Visual Studio 2010
Project("{FAE04EC0-301F-11D3-BF4B-00C04F79EFBC}") = "Assembly-CSharp", "Assembly-CSharp.csproj", "{b073ee19-d0f3-e445-6122-b8cac96e5fc3}"
EndProject
Project("{FAE04EC0-301F-11D3-BF4B-00C04F79EFBC}") = "Assembly-CSharp-firstpass", "Assembly-CSharp-firstpass.csproj", "{fcdcedfa-1646-b206-be66-43d525033850}"
EndProject
Project("{FAE04EC0-301F-11D3-BF4B-00C04F79EFBC}") = "Assembly-CSharp-Editor", "Assembly-CSharp-Editor.csproj", "{14fd73e7-f92c-da4e-a7f9-3e188935e852}"
EndProject
Project("{FAE04EC0-301F-11D3-BF4B-00C04F79EFBC}") = "Assembly-CSharp-Editor-firstpass", "Assembly-CSharp-Editor-firstpass.csproj", "{a92d1d33-9f6b-c8f8-f454-b467f8fd9958}"
EndProject
Global
	GlobalSection(SolutionConfigurationPlatforms) = preSolution
		Debug|Any CPU = Debug|Any CPU
	EndGlobalSection
	GlobalSection(ProjectConfigurationPlatforms) = postSolution
		{b073ee19-d0f3-e445-6122-b8cac96e5fc3}.Debug|Any CPU.ActiveCfg = Debug|Any CPU
		{b073ee19-d0f3-e445-6122-b8cac96e5fc3}.Debug|Any CPU.Build.0 = Debug|Any CPU
		{fcdcedfa-1646-b206-be66-43d525033850}.Debug|Any CPU.ActiveCfg = Debug|Any CPU
		{fcdcedfa-1646-b206-be66-43d525033850}.Debug|Any CPU.Build.0 = Debug|Any CPU
		{14fd73e7-f92c-da4e-a7f9-3e188935e852}.Debug|Any CPU.ActiveCfg = Debug|Any CPU
		{14fd73e7-f92c-da4e-a7f9-3e188935e852}.Debug|Any CPU.Build.0 = Debug|Any CPU
		{a92d1d33-9f6b-c8f8-f454-b467f8fd9958}.Debug|Any CPU.ActiveCfg = Debug|Any CPU
		{a92d1d33-9f6b-c8f8-f454-b467f8fd9958}.Debug|Any CPU.Build.0 = Debug|Any CPU
	EndGlobalSection
	GlobalSection(SolutionProperties) = preSolution
		HideSolutionNode = FALSE
	EndGlobalSection
EndGlobal
